
Microsoft Visual Studio Solution File, Format Version 12.00
# Visual Studio Version 17
VisualStudioVersion = 17.3.32922.545
MinimumVisualStudioVersion = 10.0.40219.1
Project("{9A19103F-16F7-4668-BE54-9A1E7A4F7556}") = "AZZ_Practice_2", "AZZ_Practice_1\AZZ_Practice_2.csproj", "{2921AC20-8F2E-4592-8E74-916E9E40ADC9}"
EndProject
Project("{9A19103F-16F7-4668-BE54-9A1E7A4F7556}") = "Prac3_3", "Pac3\Prac3_3.csproj", "{111563F0-6CD6-491D-A03C-F953CEE83550}"
EndProject
Project("{FAE04EC0-301F-11D3-BF4B-00C04F79EFBC}") = "AZZ_Practice_4", "AZZ_Practice_4\AZZ_Practice_4.csproj", "{206B797A-1CAA-4E7B-A6DA-08AF3991278B}"
EndProject
Global
	GlobalSection(SolutionConfigurationPlatforms) = preSolution
		Debug|Any CPU = Debug|Any CPU
		Release|Any CPU = Release|Any CPU
	EndGlobalSection
	GlobalSection(ProjectConfigurationPlatforms) = postSolution
		{2921AC20-8F2E-4592-8E74-916E9E40ADC9}.Debug|Any CPU.ActiveCfg = Debug|Any CPU
		{2921AC20-8F2E-4592-8E74-916E9E40ADC9}.Debug|Any CPU.Build.0 = Debug|Any CPU
		{2921AC20-8F2E-4592-8E74-916E9E40ADC9}.Release|Any CPU.ActiveCfg = Release|Any CPU
		{2921AC20-8F2E-4592-8E74-916E9E40ADC9}.Release|Any CPU.Build.0 = Release|Any CPU
		{111563F0-6CD6-491D-A03C-F953CEE83550}.Debug|Any CPU.ActiveCfg = Debug|Any CPU
		{111563F0-6CD6-491D-A03C-F953CEE83550}.Debug|Any CPU.Build.0 = Debug|Any CPU
		{111563F0-6CD6-491D-A03C-F953CEE83550}.Release|Any CPU.ActiveCfg = Release|Any CPU
		{111563F0-6CD6-491D-A03C-F953CEE83550}.Release|Any CPU.Build.0 = Release|Any CPU
		{206B797A-1CAA-4E7B-A6DA-08AF3991278B}.Debug|Any CPU.ActiveCfg = Debug|Any CPU
		{206B797A-1CAA-4E7B-A6DA-08AF3991278B}.Debug|Any CPU.Build.0 = Debug|Any CPU
		{206B797A-1CAA-4E7B-A6DA-08AF3991278B}.Release|Any CPU.ActiveCfg = Release|Any CPU
		{206B797A-1CAA-4E7B-A6DA-08AF3991278B}.Release|Any CPU.Build.0 = Release|Any CPU
	EndGlobalSection
	GlobalSection(SolutionProperties) = preSolution
		HideSolutionNode = FALSE
	EndGlobalSection
	GlobalSection(ExtensibilityGlobals) = postSolution
		SolutionGuid = {AB3F5975-2219-4FFB-9EEC-7913201D2C86}
	EndGlobalSection
EndGlobal
